
Microsoft Visual Studio Solution File, Format Version 12.00
# Visual Studio 2013
VisualStudioVersion = 12.0.21005.1
MinimumVisualStudioVersion = 10.0.40219.1
Project("{2150E333-8FDC-42A3-9474-1A3956D46DE8}") = "3rd_party", "3rd_party", "{CC083821-BBEE-453A-93DC-5A1EEB84E724}"
EndProject
Project("{2150E333-8FDC-42A3-9474-1A3956D46DE8}") = "plugins", "plugins", "{6E30EAAA-1BF8-443A-B9DD-630C61DAFF59}"
EndProject
Project("{8BC9CEB8-8B4A-11D0-8D11-00A0C91BC942}") = "nvtt", "..\..\3rd_party\nvtt\bld-vs2008\nvtt.vcxproj", "{938E23B7-2436-4ECC-B960-6894655447F1}"
EndProject
Project("{8BC9CEB8-8B4A-11D0-8D11-00A0C91BC942}") = "ms3d_import", "..\source\ms3d_import\bld-vs2013\ms3d_import.vcxproj", "{C28B4754-2914-4255-94C9-17ACFE443585}"
	ProjectSection(ProjectDependencies) = postProject
		{7ADF7F28-CC62-489D-81EB-B4922F0611CB} = {7ADF7F28-CC62-489D-81EB-B4922F0611CB}
	EndProjectSection
EndProject
Project("{8BC9CEB8-8B4A-11D0-8D11-00A0C91BC942}") = "ms3d_npc_converter", "..\source\ms3d_import_conv\bld-vs2013\ms3d_import_conv.vcxproj", "{EDBD3BF6-7A86-4554-B3E7-B8AC34F91415}"
	ProjectSection(ProjectDependencies) = postProject
		{7ADF7F28-CC62-489D-81EB-B4922F0611CB} = {7ADF7F28-CC62-489D-81EB-B4922F0611CB}
	EndProjectSection
EndProject
Project("{8BC9CEB8-8B4A-11D0-8D11-00A0C91BC942}") = "ms3d_info", "..\source\ms3d_info\bld-vs2013\ms3d_info.vcxproj", "{7EFD247A-030C-4720-A4E3-84BFBD210865}"
	ProjectSection(ProjectDependencies) = postProject
		{7ADF7F28-CC62-489D-81EB-B4922F0611CB} = {7ADF7F28-CC62-489D-81EB-B4922F0611CB}
	EndProjectSection
EndProject
Project("{2150E333-8FDC-42A3-9474-1A3956D46DE8}") = "xray-re", "xray-re", "{12C0774F-8CE5-4CB0-8D2E-49E221472CFD}"
EndProject
Project("{8BC9CEB8-8B4A-11D0-8D11-00A0C91BC942}") = "xray_re", "..\source\xray_re\bld-vs2013\xray_re.vcxproj", "{7ADF7F28-CC62-489D-81EB-B4922F0611CB}"
	ProjectSection(ProjectDependencies) = postProject
		{938E23B7-2436-4ECC-B960-6894655447F1} = {938E23B7-2436-4ECC-B960-6894655447F1}
	EndProjectSection
EndProject
Project("{8BC9CEB8-8B4A-11D0-8D11-00A0C91BC942}") = "ms3d_xray_motion_extractor", "..\source\ms3d_export_motions\bld-vs2013\ms3d_xray_export_motions.vcxproj", "{CBB477C1-87D9-4909-8F0F-9BB2B80EC1AD}"
	ProjectSection(ProjectDependencies) = postProject
		{7ADF7F28-CC62-489D-81EB-B4922F0611CB} = {7ADF7F28-CC62-489D-81EB-B4922F0611CB}
	EndProjectSection
EndProject
Project("{8BC9CEB8-8B4A-11D0-8D11-00A0C91BC942}") = "ms3d_export_skl", "..\source\ms3d_export_skl\bld-vs2013\ms3d_export_skl.vcxproj", "{13775C13-F11B-4BD1-AAC0-F9127D1E429F}"
	ProjectSection(ProjectDependencies) = postProject
		{7ADF7F28-CC62-489D-81EB-B4922F0611CB} = {7ADF7F28-CC62-489D-81EB-B4922F0611CB}
	EndProjectSection
EndProject
Project("{8BC9CEB8-8B4A-11D0-8D11-00A0C91BC942}") = "ms3d_export_object", "..\source\ms3d_export_object\bld-vs2013\ms3d_export_object.vcxproj", "{3344215B-EC18-4A33-826A-EA39E3094526}"
	ProjectSection(ProjectDependencies) = postProject
		{7ADF7F28-CC62-489D-81EB-B4922F0611CB} = {7ADF7F28-CC62-489D-81EB-B4922F0611CB}
	EndProjectSection
EndProject
Project("{8BC9CEB8-8B4A-11D0-8D11-00A0C91BC942}") = "ms3d_rt", "..\source\ms3d_textures_refresh\bld-vs2013\ms3d_rt.vcxproj", "{AC0617FF-0736-42F4-B707-3D8A6ACFBF81}"
	ProjectSection(ProjectDependencies) = postProject
		{7ADF7F28-CC62-489D-81EB-B4922F0611CB} = {7ADF7F28-CC62-489D-81EB-B4922F0611CB}
	EndProjectSection
EndProject
Project("{8BC9CEB8-8B4A-11D0-8D11-00A0C91BC942}") = "ms3d_edit_fs_cfg", "..\source\ms3d_configurator\bld-vs2013\ms3d_conf.vcxproj", "{D43C280F-4D08-4A76-8E46-06AF56A22134}"
	ProjectSection(ProjectDependencies) = postProject
		{7ADF7F28-CC62-489D-81EB-B4922F0611CB} = {7ADF7F28-CC62-489D-81EB-B4922F0611CB}
	EndProjectSection
EndProject
Project("{8BC9CEB8-8B4A-11D0-8D11-00A0C91BC942}") = "lua", "lua\lua.vcxproj", "{3F124693-5D08-4E6E-BEB0-82309B6F8766}"
EndProject
Project("{8BC9CEB8-8B4A-11D0-8D11-00A0C91BC942}") = "ms3d_lua", "..\source\ms3d_lua\bld-vs2013\ms3d_lua.vcxproj", "{D67E853C-62AD-45E8-B5E0-5E14E3FB3956}"
EndProject
Global
	GlobalSection(SolutionConfigurationPlatforms) = preSolution
		Debug|Win32 = Debug|Win32
		Release|Win32 = Release|Win32
	EndGlobalSection
	GlobalSection(ProjectConfigurationPlatforms) = postSolution
		{938E23B7-2436-4ECC-B960-6894655447F1}.Debug|Win32.ActiveCfg = Debug|Win32
		{938E23B7-2436-4ECC-B960-6894655447F1}.Debug|Win32.Build.0 = Debug|Win32
		{938E23B7-2436-4ECC-B960-6894655447F1}.Release|Win32.ActiveCfg = Release|Win32
		{938E23B7-2436-4ECC-B960-6894655447F1}.Release|Win32.Build.0 = Release|Win32
		{C28B4754-2914-4255-94C9-17ACFE443585}.Debug|Win32.ActiveCfg = Debug|Win32
		{C28B4754-2914-4255-94C9-17ACFE443585}.Debug|Win32.Build.0 = Debug|Win32
		{C28B4754-2914-4255-94C9-17ACFE443585}.Release|Win32.ActiveCfg = Release|Win32
		{C28B4754-2914-4255-94C9-17ACFE443585}.Release|Win32.Build.0 = Release|Win32
		{EDBD3BF6-7A86-4554-B3E7-B8AC34F91415}.Debug|Win32.ActiveCfg = Debug|Win32
		{EDBD3BF6-7A86-4554-B3E7-B8AC34F91415}.Debug|Win32.Build.0 = Debug|Win32
		{EDBD3BF6-7A86-4554-B3E7-B8AC34F91415}.Release|Win32.ActiveCfg = Release|Win32
		{EDBD3BF6-7A86-4554-B3E7-B8AC34F91415}.Release|Win32.Build.0 = Release|Win32
		{7EFD247A-030C-4720-A4E3-84BFBD210865}.Debug|Win32.ActiveCfg = Debug|Win32
		{7EFD247A-030C-4720-A4E3-84BFBD210865}.Debug|Win32.Build.0 = Debug|Win32
		{7EFD247A-030C-4720-A4E3-84BFBD210865}.Release|Win32.ActiveCfg = Release|Win32
		{7EFD247A-030C-4720-A4E3-84BFBD210865}.Release|Win32.Build.0 = Release|Win32
		{7ADF7F28-CC62-489D-81EB-B4922F0611CB}.Debug|Win32.ActiveCfg = Debug|Win32
		{7ADF7F28-CC62-489D-81EB-B4922F0611CB}.Debug|Win32.Build.0 = Debug|Win32
		{7ADF7F28-CC62-489D-81EB-B4922F0611CB}.Release|Win32.ActiveCfg = Release|Win32
		{7ADF7F28-CC62-489D-81EB-B4922F0611CB}.Release|Win32.Build.0 = Release|Win32
		{CBB477C1-87D9-4909-8F0F-9BB2B80EC1AD}.Debug|Win32.ActiveCfg = Debug|Win32
		{CBB477C1-87D9-4909-8F0F-9BB2B80EC1AD}.Debug|Win32.Build.0 = Debug|Win32
		{CBB477C1-87D9-4909-8F0F-9BB2B80EC1AD}.Release|Win32.ActiveCfg = Release|Win32
		{CBB477C1-87D9-4909-8F0F-9BB2B80EC1AD}.Release|Win32.Build.0 = Release|Win32
		{13775C13-F11B-4BD1-AAC0-F9127D1E429F}.Debug|Win32.ActiveCfg = Debug|Win32
		{13775C13-F11B-4BD1-AAC0-F9127D1E429F}.Debug|Win32.Build.0 = Debug|Win32
		{13775C13-F11B-4BD1-AAC0-F9127D1E429F}.Release|Win32.ActiveCfg = Release|Win32
		{13775C13-F11B-4BD1-AAC0-F9127D1E429F}.Release|Win32.Build.0 = Release|Win32
		{3344215B-EC18-4A33-826A-EA39E3094526}.Debug|Win32.ActiveCfg = Debug|Win32
		{3344215B-EC18-4A33-826A-EA39E3094526}.Debug|Win32.Build.0 = Debug|Win32
		{3344215B-EC18-4A33-826A-EA39E3094526}.Release|Win32.ActiveCfg = Release|Win32
		{3344215B-EC18-4A33-826A-EA39E3094526}.Release|Win32.Build.0 = Release|Win32
		{AC0617FF-0736-42F4-B707-3D8A6ACFBF81}.Debug|Win32.ActiveCfg = Debug|Win32
		{AC0617FF-0736-42F4-B707-3D8A6ACFBF81}.Debug|Win32.Build.0 = Debug|Win32
		{AC0617FF-0736-42F4-B707-3D8A6ACFBF81}.Release|Win32.ActiveCfg = Release|Win32
		{AC0617FF-0736-42F4-B707-3D8A6ACFBF81}.Release|Win32.Build.0 = Release|Win32
		{D43C280F-4D08-4A76-8E46-06AF56A22134}.Debug|Win32.ActiveCfg = Debug|Win32
		{D43C280F-4D08-4A76-8E46-06AF56A22134}.Debug|Win32.Build.0 = Debug|Win32
		{D43C280F-4D08-4A76-8E46-06AF56A22134}.Release|Win32.ActiveCfg = Release|Win32
		{D43C280F-4D08-4A76-8E46-06AF56A22134}.Release|Win32.Build.0 = Release|Win32
		{3F124693-5D08-4E6E-BEB0-82309B6F8766}.Debug|Win32.ActiveCfg = Debug|Win32
		{3F124693-5D08-4E6E-BEB0-82309B6F8766}.Debug|Win32.Build.0 = Debug|Win32
		{3F124693-5D08-4E6E-BEB0-82309B6F8766}.Release|Win32.ActiveCfg = Release|Win32
		{3F124693-5D08-4E6E-BEB0-82309B6F8766}.Release|Win32.Build.0 = Release|Win32
		{D67E853C-62AD-45E8-B5E0-5E14E3FB3956}.Debug|Win32.ActiveCfg = Debug|Win32
		{D67E853C-62AD-45E8-B5E0-5E14E3FB3956}.Debug|Win32.Build.0 = Debug|Win32
		{D67E853C-62AD-45E8-B5E0-5E14E3FB3956}.Release|Win32.ActiveCfg = Release|Win32
		{D67E853C-62AD-45E8-B5E0-5E14E3FB3956}.Release|Win32.Build.0 = Release|Win32
	EndGlobalSection
	GlobalSection(SolutionProperties) = preSolution
		HideSolutionNode = FALSE
	EndGlobalSection
	GlobalSection(NestedProjects) = preSolution
		{938E23B7-2436-4ECC-B960-6894655447F1} = {CC083821-BBEE-453A-93DC-5A1EEB84E724}
		{3F124693-5D08-4E6E-BEB0-82309B6F8766} = {CC083821-BBEE-453A-93DC-5A1EEB84E724}
		{C28B4754-2914-4255-94C9-17ACFE443585} = {6E30EAAA-1BF8-443A-B9DD-630C61DAFF59}
		{EDBD3BF6-7A86-4554-B3E7-B8AC34F91415} = {6E30EAAA-1BF8-443A-B9DD-630C61DAFF59}
		{7EFD247A-030C-4720-A4E3-84BFBD210865} = {6E30EAAA-1BF8-443A-B9DD-630C61DAFF59}
		{CBB477C1-87D9-4909-8F0F-9BB2B80EC1AD} = {6E30EAAA-1BF8-443A-B9DD-630C61DAFF59}
		{13775C13-F11B-4BD1-AAC0-F9127D1E429F} = {6E30EAAA-1BF8-443A-B9DD-630C61DAFF59}
		{3344215B-EC18-4A33-826A-EA39E3094526} = {6E30EAAA-1BF8-443A-B9DD-630C61DAFF59}
		{AC0617FF-0736-42F4-B707-3D8A6ACFBF81} = {6E30EAAA-1BF8-443A-B9DD-630C61DAFF59}
		{D43C280F-4D08-4A76-8E46-06AF56A22134} = {6E30EAAA-1BF8-443A-B9DD-630C61DAFF59}
		{D67E853C-62AD-45E8-B5E0-5E14E3FB3956} = {6E30EAAA-1BF8-443A-B9DD-630C61DAFF59}
		{7ADF7F28-CC62-489D-81EB-B4922F0611CB} = {12C0774F-8CE5-4CB0-8D2E-49E221472CFD}
	EndGlobalSection
EndGlobal
